
Microsoft Visual Studio Solution File, Format Version 12.00
# Visual Studio Version 17
VisualStudioVersion = 17.7.34031.279
MinimumVisualStudioVersion = 10.0.40219.1
Project("{FAE04EC0-301F-11D3-BF4B-00C04F79EFBC}") = "Config", "Config\Config.csproj", "{8EC9BA40-62A7-4961-97BB-BFD565B93304}"
EndProject
Project("{FAE04EC0-301F-11D3-BF4B-00C04F79EFBC}") = "GUI_Cam", "GUI_Cam\GUI_Cam.csproj", "{1A32E7CC-F39D-4EDA-AC52-4AA859A54BAB}"
EndProject
Global
	GlobalSection(SolutionConfigurationPlatforms) = preSolution
		Debug|Any CPU = Debug|Any CPU
		Release|Any CPU = Release|Any CPU
	EndGlobalSection
	GlobalSection(ProjectConfigurationPlatforms) = postSolution
		{8EC9BA40-62A7-4961-97BB-BFD565B93304}.Debug|Any CPU.ActiveCfg = Debug|Any CPU
		{8EC9BA40-62A7-4961-97BB-BFD565B93304}.Debug|Any CPU.Build.0 = Debug|Any CPU
		{8EC9BA40-62A7-4961-97BB-BFD565B93304}.Release|Any CPU.ActiveCfg = Release|Any CPU
		{8EC9BA40-62A7-4961-97BB-BFD565B93304}.Release|Any CPU.Build.0 = Release|Any CPU
		{1A32E7CC-F39D-4EDA-AC52-4AA859A54BAB}.Debug|Any CPU.ActiveCfg = Debug|Any CPU
		{1A32E7CC-F39D-4EDA-AC52-4AA859A54BAB}.Debug|Any CPU.Build.0 = Debug|Any CPU
		{1A32E7CC-F39D-4EDA-AC52-4AA859A54BAB}.Release|Any CPU.ActiveCfg = Release|Any CPU
		{1A32E7CC-F39D-4EDA-AC52-4AA859A54BAB}.Release|Any CPU.Build.0 = Release|Any CPU
	EndGlobalSection
	GlobalSection(SolutionProperties) = preSolution
		HideSolutionNode = FALSE
	EndGlobalSection
	GlobalSection(ExtensibilityGlobals) = postSolution
		SolutionGuid = {D8CE620A-109C-4122-AECA-650C1433DAE8}
	EndGlobalSection
EndGlobal
